
Microsoft Visual Studio Solution File, Format Version 12.00
# Visual Studio Version 17
VisualStudioVersion = 17.0.31903.59
MinimumVisualStudioVersion = 10.0.40219.1
Project("{2150E333-8FDC-42A3-9474-1A3956D46DE8}") = "src", "src", "{3608F9D9-95DF-4EE6-8439-8E4609D2DEA3}"
EndProject
Project("{FAE04EC0-301F-11D3-BF4B-00C04F79EFBC}") = "Vexel.App", "src\Vexel.App\Vexel.App.csproj", "{BBA2AB73-1769-436C-8545-1D54C476709C}"
EndProject
Project("{FAE04EC0-301F-11D3-BF4B-00C04F79EFBC}") = "Vexel.Core", "src\Vexel.Core\Vexel.Core.csproj", "{DC25A5FA-243E-4E54-82C9-82F2400508AA}"
EndProject
Project("{2150E333-8FDC-42A3-9474-1A3956D46DE8}") = "tests", "tests", "{216F4376-A13B-4036-9F29-5F6EA7A3D03F}"
EndProject
Project("{FAE04EC0-301F-11D3-BF4B-00C04F79EFBC}") = "Vexel.Core.Tests", "tests\Vexel.Core.Tests\Vexel.Core.Tests.csproj", "{3383441C-B68F-4E2E-A215-FE88AB8DEEFA}"
EndProject
Project("{FAE04EC0-301F-11D3-BF4B-00C04F79EFBC}") = "Vexel.Platform.Windows", "src\Vexel.Platform.Windows\Vexel.Platform.Windows.csproj", "{48B0066C-B866-4990-9E59-F1C7C953B464}"
EndProject
Global
	GlobalSection(SolutionConfigurationPlatforms) = preSolution
		Debug|Any CPU = Debug|Any CPU
		Release|Any CPU = Release|Any CPU
	EndGlobalSection
	GlobalSection(SolutionProperties) = preSolution
		HideSolutionNode = FALSE
	EndGlobalSection
	GlobalSection(ProjectConfigurationPlatforms) = postSolution
		{BBA2AB73-1769-436C-8545-1D54C476709C}.Debug|Any CPU.ActiveCfg = Debug|Any CPU
		{BBA2AB73-1769-436C-8545-1D54C476709C}.Debug|Any CPU.Build.0 = Debug|Any CPU
		{BBA2AB73-1769-436C-8545-1D54C476709C}.Release|Any CPU.ActiveCfg = Release|Any CPU
		{BBA2AB73-1769-436C-8545-1D54C476709C}.Release|Any CPU.Build.0 = Release|Any CPU
		{DC25A5FA-243E-4E54-82C9-82F2400508AA}.Debug|Any CPU.ActiveCfg = Debug|Any CPU
		{DC25A5FA-243E-4E54-82C9-82F2400508AA}.Debug|Any CPU.Build.0 = Debug|Any CPU
		{DC25A5FA-243E-4E54-82C9-82F2400508AA}.Release|Any CPU.ActiveCfg = Release|Any CPU
		{DC25A5FA-243E-4E54-82C9-82F2400508AA}.Release|Any CPU.Build.0 = Release|Any CPU
		{3383441C-B68F-4E2E-A215-FE88AB8DEEFA}.Debug|Any CPU.ActiveCfg = Debug|Any CPU
		{3383441C-B68F-4E2E-A215-FE88AB8DEEFA}.Debug|Any CPU.Build.0 = Debug|Any CPU
		{3383441C-B68F-4E2E-A215-FE88AB8DEEFA}.Release|Any CPU.ActiveCfg = Release|Any CPU
		{3383441C-B68F-4E2E-A215-FE88AB8DEEFA}.Release|Any CPU.Build.0 = Release|Any CPU
		{48B0066C-B866-4990-9E59-F1C7C953B464}.Debug|Any CPU.ActiveCfg = Debug|Any CPU
		{48B0066C-B866-4990-9E59-F1C7C953B464}.Debug|Any CPU.Build.0 = Debug|Any CPU
		{48B0066C-B866-4990-9E59-F1C7C953B464}.Release|Any CPU.ActiveCfg = Release|Any CPU
		{48B0066C-B866-4990-9E59-F1C7C953B464}.Release|Any CPU.Build.0 = Release|Any CPU
	EndGlobalSection
	GlobalSection(NestedProjects) = preSolution
		{BBA2AB73-1769-436C-8545-1D54C476709C} = {3608F9D9-95DF-4EE6-8439-8E4609D2DEA3}
		{DC25A5FA-243E-4E54-82C9-82F2400508AA} = {3608F9D9-95DF-4EE6-8439-8E4609D2DEA3}
		{3383441C-B68F-4E2E-A215-FE88AB8DEEFA} = {216F4376-A13B-4036-9F29-5F6EA7A3D03F}
		{48B0066C-B866-4990-9E59-F1C7C953B464} = {3608F9D9-95DF-4EE6-8439-8E4609D2DEA3}
	EndGlobalSection
EndGlobal
